
Microsoft Visual Studio Solution File, Format Version 12.00
# Visual Studio 14
VisualStudioVersion = 14.0.25420.1
MinimumVisualStudioVersion = 10.0.40219.1
Project("{FAE04EC0-301F-11D3-BF4B-00C04F79EFBC}") = "RajaMotors.Core", "RajaMotors.Core\RajaMotors.Core.csproj", "{D4971D6A-F3AD-4A0E-8AF4-75729FA01D16}"
EndProject
Project("{FAE04EC0-301F-11D3-BF4B-00C04F79EFBC}") = "RajaMotors.Data", "RajaMotors.Data\RajaMotors.Data.csproj", "{87E4FF4D-9E26-436D-BA3B-E53AC966BE6E}"
EndProject
Project("{FAE04EC0-301F-11D3-BF4B-00C04F79EFBC}") = "RajaMotors.Model", "RajaMotors.Model\RajaMotors.Model.csproj", "{C9103A98-7CC2-41B7-94B1-E95688097720}"
EndProject
Project("{FAE04EC0-301F-11D3-BF4B-00C04F79EFBC}") = "RajaMotors.Service", "RajaMotors.Service\RajaMotors.Service.csproj", "{B7D52C2D-B049-4E81-B863-F29004C86E15}"
EndProject
Project("{FAE04EC0-301F-11D3-BF4B-00C04F79EFBC}") = "RajaMotors.Web.Core", "RajaMotors.Web.Core\RajaMotors.Web.Core.csproj", "{EFA99C50-82C0-481E-9C7F-555E8FE46EEC}"
EndProject
Project("{FAE04EC0-301F-11D3-BF4B-00C04F79EFBC}") = "RajaMotors.Web", "RajaMotors.Web\RajaMotors.Web.csproj", "{A71FD3FE-8D9F-4FB7-91FC-1C7E4F8C1C3F}"
EndProject
Global
	GlobalSection(SolutionConfigurationPlatforms) = preSolution
		Debug|Any CPU = Debug|Any CPU
		Release|Any CPU = Release|Any CPU
	EndGlobalSection
	GlobalSection(ProjectConfigurationPlatforms) = postSolution
		{D4971D6A-F3AD-4A0E-8AF4-75729FA01D16}.Debug|Any CPU.ActiveCfg = Debug|Any CPU
		{D4971D6A-F3AD-4A0E-8AF4-75729FA01D16}.Debug|Any CPU.Build.0 = Debug|Any CPU
		{D4971D6A-F3AD-4A0E-8AF4-75729FA01D16}.Release|Any CPU.ActiveCfg = Release|Any CPU
		{D4971D6A-F3AD-4A0E-8AF4-75729FA01D16}.Release|Any CPU.Build.0 = Release|Any CPU
		{87E4FF4D-9E26-436D-BA3B-E53AC966BE6E}.Debug|Any CPU.ActiveCfg = Debug|Any CPU
		{87E4FF4D-9E26-436D-BA3B-E53AC966BE6E}.Debug|Any CPU.Build.0 = Debug|Any CPU
		{87E4FF4D-9E26-436D-BA3B-E53AC966BE6E}.Release|Any CPU.ActiveCfg = Release|Any CPU
		{87E4FF4D-9E26-436D-BA3B-E53AC966BE6E}.Release|Any CPU.Build.0 = Release|Any CPU
		{C9103A98-7CC2-41B7-94B1-E95688097720}.Debug|Any CPU.ActiveCfg = Debug|Any CPU
		{C9103A98-7CC2-41B7-94B1-E95688097720}.Debug|Any CPU.Build.0 = Debug|Any CPU
		{C9103A98-7CC2-41B7-94B1-E95688097720}.Release|Any CPU.ActiveCfg = Release|Any CPU
		{C9103A98-7CC2-41B7-94B1-E95688097720}.Release|Any CPU.Build.0 = Release|Any CPU
		{B7D52C2D-B049-4E81-B863-F29004C86E15}.Debug|Any CPU.ActiveCfg = Debug|Any CPU
		{B7D52C2D-B049-4E81-B863-F29004C86E15}.Debug|Any CPU.Build.0 = Debug|Any CPU
		{B7D52C2D-B049-4E81-B863-F29004C86E15}.Release|Any CPU.ActiveCfg = Release|Any CPU
		{B7D52C2D-B049-4E81-B863-F29004C86E15}.Release|Any CPU.Build.0 = Release|Any CPU
		{EFA99C50-82C0-481E-9C7F-555E8FE46EEC}.Debug|Any CPU.ActiveCfg = Debug|Any CPU
		{EFA99C50-82C0-481E-9C7F-555E8FE46EEC}.Debug|Any CPU.Build.0 = Debug|Any CPU
		{EFA99C50-82C0-481E-9C7F-555E8FE46EEC}.Release|Any CPU.ActiveCfg = Release|Any CPU
		{EFA99C50-82C0-481E-9C7F-555E8FE46EEC}.Release|Any CPU.Build.0 = Release|Any CPU
		{A71FD3FE-8D9F-4FB7-91FC-1C7E4F8C1C3F}.Debug|Any CPU.ActiveCfg = Debug|Any CPU
		{A71FD3FE-8D9F-4FB7-91FC-1C7E4F8C1C3F}.Debug|Any CPU.Build.0 = Debug|Any CPU
		{A71FD3FE-8D9F-4FB7-91FC-1C7E4F8C1C3F}.Release|Any CPU.ActiveCfg = Release|Any CPU
		{A71FD3FE-8D9F-4FB7-91FC-1C7E4F8C1C3F}.Release|Any CPU.Build.0 = Release|Any CPU
	EndGlobalSection
	GlobalSection(SolutionProperties) = preSolution
		HideSolutionNode = FALSE
	EndGlobalSection
EndGlobal
